<Solution>
  <Folder Name="/Tests/">
    <Project Path="Tests/DacPac.Core.Tests/DacPac.Core.Tests.csproj" />
    <Project Path="Tests/DacPac.UI.ApplicationLayer.Tests/DacPac.UI.ApplicationLayer.Tests.csproj" />
    <Project Path="Tests/DacPac.UI.Tests/DacPac.UI.Tests.csproj" />
  </Folder>
  <Project Path="DacPac.Core/DacPac.Core.csproj" />
  <Project Path="DacPac.UI.ApplicationLayer/DacPac.UI.ApplicationLayer.csproj" />
  <Project Path="DacPac.UI/DacPac.UI.csproj" />
  <Project Path="DacPac.Wrappers/DacPac.Wrappers.csproj" />
  <Project Path="Playground/Playground.csproj" />
</Solution>
